
Microsoft Visual Studio Solution File, Format Version 12.00
# Visual Studio 14
VisualStudioVersion = 14.0.25420.1
MinimumVisualStudioVersion = 10.0.40219.1
Project("{FAE04EC0-301F-11D3-BF4B-00C04F79EFBC}") = "3_PC3_3", "3_PC3_3\3_PC3_3.csproj", "{ABFCC1F5-B767-46F0-8E2C-21733E3ECCAF}"
EndProject
Global
	GlobalSection(SolutionConfigurationPlatforms) = preSolution
		Debug|Any CPU = Debug|Any CPU
		Release|Any CPU = Release|Any CPU
	EndGlobalSection
	GlobalSection(ProjectConfigurationPlatforms) = postSolution
		{ABFCC1F5-B767-46F0-8E2C-21733E3ECCAF}.Debug|Any CPU.ActiveCfg = Debug|Any CPU
		{ABFCC1F5-B767-46F0-8E2C-21733E3ECCAF}.Debug|Any CPU.Build.0 = Debug|Any CPU
		{ABFCC1F5-B767-46F0-8E2C-21733E3ECCAF}.Release|Any CPU.ActiveCfg = Release|Any CPU
		{ABFCC1F5-B767-46F0-8E2C-21733E3ECCAF}.Release|Any CPU.Build.0 = Release|Any CPU
	EndGlobalSection
	GlobalSection(SolutionProperties) = preSolution
		HideSolutionNode = FALSE
	EndGlobalSection
EndGlobal
