
Microsoft Visual Studio Solution File, Format Version 12.00
# Visual Studio Version 17
VisualStudioVersion = 17.13.35931.197 d17.13
MinimumVisualStudioVersion = 10.0.40219.1
Project("{FAE04EC0-301F-11D3-BF4B-00C04F79EFBC}") = "3_PC3_4_Level1Lite", "3_PC3_4_Level1Lite\3_PC3_4_Level1Lite.csproj", "{EC126904-1F9D-4DAA-A708-37CDE7E4A75E}"
EndProject
Global
	GlobalSection(SolutionConfigurationPlatforms) = preSolution
		Debug|Any CPU = Debug|Any CPU
		Release|Any CPU = Release|Any CPU
	EndGlobalSection
	GlobalSection(ProjectConfigurationPlatforms) = postSolution
		{EC126904-1F9D-4DAA-A708-37CDE7E4A75E}.Debug|Any CPU.ActiveCfg = Debug|Any CPU
		{EC126904-1F9D-4DAA-A708-37CDE7E4A75E}.Debug|Any CPU.Build.0 = Debug|Any CPU
		{EC126904-1F9D-4DAA-A708-37CDE7E4A75E}.Release|Any CPU.ActiveCfg = Release|Any CPU
		{EC126904-1F9D-4DAA-A708-37CDE7E4A75E}.Release|Any CPU.Build.0 = Release|Any CPU
	EndGlobalSection
	GlobalSection(SolutionProperties) = preSolution
		HideSolutionNode = FALSE
	EndGlobalSection
	GlobalSection(ExtensibilityGlobals) = postSolution
		SolutionGuid = {1006D141-8088-4244-A810-D9E497CF9875}
	EndGlobalSection
EndGlobal
