
Microsoft Visual Studio Solution File, Format Version 12.00
# Visual Studio Version 17
VisualStudioVersion = 17.13.35931.197 d17.13
MinimumVisualStudioVersion = 10.0.40219.1
Project("{FAE04EC0-301F-11D3-BF4B-00C04F79EFBC}") = "3_PC3_4_Level2Lite", "3_PC3_4_Level2Lite\3_PC3_4_Level2Lite.csproj", "{9FC9C0E9-7A3A-46EE-A352-45FE50E3F5FF}"
EndProject
Global
	GlobalSection(SolutionConfigurationPlatforms) = preSolution
		Debug|Any CPU = Debug|Any CPU
		Release|Any CPU = Release|Any CPU
	EndGlobalSection
	GlobalSection(ProjectConfigurationPlatforms) = postSolution
		{9FC9C0E9-7A3A-46EE-A352-45FE50E3F5FF}.Debug|Any CPU.ActiveCfg = Debug|Any CPU
		{9FC9C0E9-7A3A-46EE-A352-45FE50E3F5FF}.Debug|Any CPU.Build.0 = Debug|Any CPU
		{9FC9C0E9-7A3A-46EE-A352-45FE50E3F5FF}.Release|Any CPU.ActiveCfg = Release|Any CPU
		{9FC9C0E9-7A3A-46EE-A352-45FE50E3F5FF}.Release|Any CPU.Build.0 = Release|Any CPU
	EndGlobalSection
	GlobalSection(SolutionProperties) = preSolution
		HideSolutionNode = FALSE
	EndGlobalSection
	GlobalSection(ExtensibilityGlobals) = postSolution
		SolutionGuid = {5695107D-6BA9-4049-8536-7E08DD055DBB}
	EndGlobalSection
EndGlobal
