
Microsoft Visual Studio Solution File, Format Version 12.00
# Visual Studio Version 17
VisualStudioVersion = 17.13.35931.197 d17.13
MinimumVisualStudioVersion = 10.0.40219.1
Project("{FAE04EC0-301F-11D3-BF4B-00C04F79EFBC}") = "1_PC3_12", "1_PC3_12\1_PC3_12.csproj", "{B0678B1D-F1E5-4ADF-AD27-53F5E26B1138}"
EndProject
Global
	GlobalSection(SolutionConfigurationPlatforms) = preSolution
		Debug|Any CPU = Debug|Any CPU
		Release|Any CPU = Release|Any CPU
	EndGlobalSection
	GlobalSection(ProjectConfigurationPlatforms) = postSolution
		{B0678B1D-F1E5-4ADF-AD27-53F5E26B1138}.Debug|Any CPU.ActiveCfg = Debug|Any CPU
		{B0678B1D-F1E5-4ADF-AD27-53F5E26B1138}.Debug|Any CPU.Build.0 = Debug|Any CPU
		{B0678B1D-F1E5-4ADF-AD27-53F5E26B1138}.Release|Any CPU.ActiveCfg = Release|Any CPU
		{B0678B1D-F1E5-4ADF-AD27-53F5E26B1138}.Release|Any CPU.Build.0 = Release|Any CPU
	EndGlobalSection
	GlobalSection(SolutionProperties) = preSolution
		HideSolutionNode = FALSE
	EndGlobalSection
	GlobalSection(ExtensibilityGlobals) = postSolution
		SolutionGuid = {7786966C-C687-4655-B579-76D1D409E68C}
	EndGlobalSection
EndGlobal
